{
  "version": 4,
  "terraform_version": "0.13.4",
  "serial": 104,
  "lineage": "7dd13570-18ae-5db9-5d69-52eaced8d09b",
  "outputs": {
    "domain_name": {
      "value": "prod",
      "type": "string"
    },
    "vpc_id": {
      "value": "vpc-02424e206415b8182",
      "type": "string"
    }
  },
  "resources": [
    {
      "module": "module.es_cluster",
      "mode": "data",
      "type": "aws_iam_policy",
      "name": "kibana_cognito_policy",
      "provider": "module.es_cluster.provider[\"registry.terraform.io/hashicorp/aws\"]",
      "instances": [
        {
          "index_key": 0,
          "schema_version": 0,
          "attributes": {
            "arn": "arn:aws:iam::aws:policy/AmazonESCognitoAccess",
            "description": "Provides limited access to the Amazon Cognito configuration service.",
            "id": "arn:aws:iam::aws:policy/AmazonESCognitoAccess",
            "name": "AmazonESCognitoAccess",
            "path": "/",
            "policy": "{\n    \"Version\": \"2012-10-17\",\n    \"Statement\": [\n        {\n            \"Effect\": \"Allow\",\n            \"Action\": [\n                \"cognito-idp:DescribeUserPool\",\n                \"cognito-idp:CreateUserPoolClient\",\n                \"cognito-idp:DeleteUserPoolClient\",\n                \"cognito-idp:DescribeUserPoolClient\",\n                \"cognito-idp:AdminInitiateAuth\",\n                \"cognito-idp:AdminUserGlobalSignOut\",\n                \"cognito-idp:ListUserPoolClients\",\n                \"cognito-identity:DescribeIdentityPool\",\n                \"cognito-identity:UpdateIdentityPool\",\n                \"cognito-identity:SetIdentityPoolRoles\",\n                \"cognito-identity:GetIdentityPoolRoles\"\n            ],\n            \"Resource\": \"*\"\n        },\n        {\n            \"Effect\": \"Allow\",\n            \"Action\": \"iam:PassRole\",\n            \"Resource\": \"*\",\n            \"Condition\": {\n                \"StringLike\": {\n                    \"iam:PassedToService\": \"cognito-identity.amazonaws.com\"\n                }\n            }\n        }\n    ]\n}"
          }
        }
      ]
    },
    {
      "module": "module.es_cluster",
      "mode": "data",
      "type": "aws_iam_policy_document",
      "name": "cognito_auth_policy_doc",
      "provider": "module.es_cluster.provider[\"registry.terraform.io/hashicorp/aws\"]",
      "instances": [
        {
          "index_key": 0,
          "schema_version": 0,
          "attributes": {
            "id": "1634332802",
            "json": "{\n  \"Version\": \"2012-10-17\",\n  \"Statement\": [\n    {\n      \"Sid\": \"\",\n      \"Effect\": \"Allow\",\n      \"Action\": [\n        \"mobileanalytics:PutEvents\",\n        \"es:ESHttp*\",\n        \"cognito-sync:*\",\n        \"cognito-identity:*\"\n      ],\n      \"Resource\": \"arn:aws:es:us-east-1:116722176476:domain/prod/*\"\n    }\n  ]\n}",
            "override_json": null,
            "policy_id": null,
            "source_json": null,
            "statement": [
              {
                "actions": [
                  "cognito-identity:*",
                  "cognito-sync:*",
                  "es:ESHttp*",
                  "mobileanalytics:PutEvents"
                ],
                "condition": [],
                "effect": "Allow",
                "not_actions": [],
                "not_principals": [],
                "not_resources": [],
                "principals": [],
                "resources": [
                  "arn:aws:es:us-east-1:116722176476:domain/prod/*"
                ],
                "sid": ""
              }
            ],
            "version": "2012-10-17"
          }
        }
      ]
    },
    {
      "module": "module.es_cluster",
      "mode": "data",
      "type": "aws_iam_policy_document",
      "name": "cognito_auth_trust_relationship_policy_doc",
      "provider": "module.es_cluster.provider[\"registry.terraform.io/hashicorp/aws\"]",
      "instances": [
        {
          "index_key": 0,
          "schema_version": 0,
          "attributes": {
            "id": "8910228",
            "json": "{\n  \"Version\": \"2012-10-17\",\n  \"Statement\": [\n    {\n      \"Sid\": \"\",\n      \"Effect\": \"Allow\",\n      \"Action\": \"sts:AssumeRoleWithWebIdentity\",\n      \"Principal\": {\n        \"Federated\": \"cognito-identity.amazonaws.com\"\n      },\n      \"Condition\": {\n        \"ForAnyValue:StringLike\": {\n          \"cognito-identity.amazonaws.com:amr\": \"authenticated\"\n        },\n        \"StringEquals\": {\n          \"cognito-identity.amazonaws.com:aud\": \"us-east-1:2df02a3a-47e9-48c0-b531-31872d99cc45\"\n        }\n      }\n    }\n  ]\n}",
            "override_json": null,
            "policy_id": null,
            "source_json": null,
            "statement": [
              {
                "actions": [
                  "sts:AssumeRoleWithWebIdentity"
                ],
                "condition": [
                  {
                    "test": "ForAnyValue:StringLike",
                    "values": [
                      "authenticated"
                    ],
                    "variable": "cognito-identity.amazonaws.com:amr"
                  },
                  {
                    "test": "StringEquals",
                    "values": [
                      "us-east-1:2df02a3a-47e9-48c0-b531-31872d99cc45"
                    ],
                    "variable": "cognito-identity.amazonaws.com:aud"
                  }
                ],
                "effect": "Allow",
                "not_actions": [],
                "not_principals": [],
                "not_resources": [],
                "principals": [
                  {
                    "identifiers": [
                      "cognito-identity.amazonaws.com"
                    ],
                    "type": "Federated"
                  }
                ],
                "resources": [],
                "sid": ""
              }
            ],
            "version": "2012-10-17"
          }
        }
      ]
    },
    {
      "module": "module.es_cluster",
      "mode": "data",
      "type": "aws_iam_policy_document",
      "name": "elasticsearch_cognito_trust_policy_doc",
      "provider": "module.es_cluster.provider[\"registry.terraform.io/hashicorp/aws\"]",
      "instances": [
        {
          "index_key": 0,
          "schema_version": 0,
          "attributes": {
            "id": "196909887",
            "json": "{\n  \"Version\": \"2012-10-17\",\n  \"Statement\": [\n    {\n      \"Sid\": \"\",\n      \"Effect\": \"Allow\",\n      \"Action\": \"sts:AssumeRole\",\n      \"Principal\": {\n        \"Service\": \"es.amazonaws.com\"\n      }\n    }\n  ]\n}",
            "override_json": null,
            "policy_id": null,
            "source_json": null,
            "statement": [
              {
                "actions": [
                  "sts:AssumeRole"
                ],
                "condition": [],
                "effect": "Allow",
                "not_actions": [],
                "not_principals": [],
                "not_resources": [],
                "principals": [
                  {
                    "identifiers": [
                      "es.amazonaws.com"
                    ],
                    "type": "Service"
                  }
                ],
                "resources": [],
                "sid": ""
              }
            ],
            "version": "2012-10-17"
          }
        }
      ]
    },
    {
      "module": "module.es_cluster",
      "mode": "data",
      "type": "aws_iam_policy_document",
      "name": "this",
      "provider": "module.es_cluster.provider[\"registry.terraform.io/hashicorp/aws\"]",
      "instances": [
        {
          "schema_version": 0,
          "attributes": {
            "id": "854916557",
            "json": "{\n  \"Version\": \"2012-10-17\",\n  \"Statement\": [\n    {\n      \"Sid\": \"\",\n      \"Effect\": \"Allow\",\n      \"Action\": \"es:*\",\n      \"Resource\": \"arn:aws:es:us-east-1:116722176476:domain/prod/*\",\n      \"Principal\": {\n        \"AWS\": [\n          \"arn:aws:iam::116722176476:role/fishtech-kibana\",\n          \"arn:aws:iam::116722176476:role/fishtech-cognito\"\n        ]\n      }\n    }\n  ]\n}",
            "override_json": null,
            "policy_id": null,
            "source_json": null,
            "statement": [
              {
                "actions": [
                  "es:*"
                ],
                "condition": [],
                "effect": "Allow",
                "not_actions": [],
                "not_principals": [],
                "not_resources": [],
                "principals": [
                  {
                    "identifiers": [
                      "arn:aws:iam::116722176476:role/fishtech-cognito",
                      "arn:aws:iam::116722176476:role/fishtech-kibana"
                    ],
                    "type": "AWS"
                  }
                ],
                "resources": [
                  "arn:aws:es:us-east-1:116722176476:domain/prod/*"
                ],
                "sid": ""
              }
            ],
            "version": "2012-10-17"
          }
        }
      ]
    },
    {
      "module": "module.es_cluster",
      "mode": "managed",
      "type": "aws_cloudwatch_log_group",
      "name": "es_app_logs",
      "provider": "module.es_cluster.provider[\"registry.terraform.io/hashicorp/aws\"]",
      "instances": [
        {
          "schema_version": 0,
          "attributes": {
            "arn": "arn:aws:logs:us-east-1:116722176476:log-group:app-logs",
            "id": "app-logs",
            "kms_key_id": "",
            "name": "app-logs",
            "name_prefix": null,
            "retention_in_days": 7,
            "tags": {
              "app": "fishtech",
              "env": "prod"
            }
          },
          "private": "bnVsbA=="
        }
      ]
    },
    {
      "module": "module.es_cluster",
      "mode": "managed",
      "type": "aws_cloudwatch_log_group",
      "name": "es_index_logs",
      "provider": "module.es_cluster.provider[\"registry.terraform.io/hashicorp/aws\"]",
      "instances": [
        {
          "schema_version": 0,
          "attributes": {
            "arn": "arn:aws:logs:us-east-1:116722176476:log-group:index-logs",
            "id": "index-logs",
            "kms_key_id": "",
            "name": "index-logs",
            "name_prefix": null,
            "retention_in_days": 7,
            "tags": {
              "app": "fishtech",
              "env": "prod"
            }
          },
          "private": "bnVsbA=="
        }
      ]
    },
    {
      "module": "module.es_cluster",
      "mode": "managed",
      "type": "aws_cloudwatch_log_group",
      "name": "es_slow_logs",
      "provider": "module.es_cluster.provider[\"registry.terraform.io/hashicorp/aws\"]",
      "instances": [
        {
          "schema_version": 0,
          "attributes": {
            "arn": "arn:aws:logs:us-east-1:116722176476:log-group:slow-logs",
            "id": "slow-logs",
            "kms_key_id": "",
            "name": "slow-logs",
            "name_prefix": null,
            "retention_in_days": 7,
            "tags": {
              "app": "fishtech",
              "env": "prod"
            }
          },
          "private": "bnVsbA=="
        }
      ]
    },
    {
      "module": "module.es_cluster",
      "mode": "managed",
      "type": "aws_cognito_identity_pool",
      "name": "kibana_identity_pool",
      "provider": "module.es_cluster.provider[\"registry.terraform.io/hashicorp/aws\"]",
      "instances": [
        {
          "index_key": 0,
          "schema_version": 0,
          "attributes": {
            "allow_unauthenticated_identities": false,
            "arn": "arn:aws:cognito-identity:us-east-1:116722176476:identitypool/us-east-1:2df02a3a-47e9-48c0-b531-31872d99cc45",
            "cognito_identity_providers": [],
            "developer_provider_name": "",
            "id": "us-east-1:2df02a3a-47e9-48c0-b531-31872d99cc45",
            "identity_pool_name": "fishtech",
            "openid_connect_provider_arns": [],
            "saml_provider_arns": [],
            "supported_login_providers": {},
            "tags": {}
          },
          "private": "bnVsbA=="
        }
      ]
    },
    {
      "module": "module.es_cluster",
      "mode": "managed",
      "type": "aws_cognito_identity_pool_roles_attachment",
      "name": "this",
      "provider": "module.es_cluster.provider[\"registry.terraform.io/hashicorp/aws\"]",
      "instances": [
        {
          "index_key": 0,
          "schema_version": 0,
          "attributes": {
            "id": "us-east-1:2df02a3a-47e9-48c0-b531-31872d99cc45",
            "identity_pool_id": "us-east-1:2df02a3a-47e9-48c0-b531-31872d99cc45",
            "role_mapping": [],
            "roles": {
              "authenticated": "arn:aws:iam::116722176476:role/fishtech-cognito"
            }
          },
          "private": "bnVsbA==",
          "dependencies": [
            "module.es_cluster.aws_cognito_identity_pool.kibana_identity_pool",
            "module.es_cluster.aws_iam_role.cognito_auth_role",
            "module.es_cluster.data.aws_iam_policy_document.cognito_auth_trust_relationship_policy_doc"
          ]
        }
      ]
    },
    {
      "module": "module.es_cluster",
      "mode": "managed",
      "type": "aws_cognito_user_pool",
      "name": "kibana_user_pool",
      "provider": "module.es_cluster.provider[\"registry.terraform.io/hashicorp/aws\"]",
      "instances": [
        {
          "index_key": 0,
          "schema_version": 0,
          "attributes": {
            "admin_create_user_config": [
              {
                "allow_admin_create_user_only": false,
                "invite_message_template": []
              }
            ],
            "alias_attributes": null,
            "arn": "arn:aws:cognito-idp:us-east-1:116722176476:userpool/us-east-1_8BZM62BgU",
            "auto_verified_attributes": [],
            "creation_date": "2020-10-03T03:51:08Z",
            "device_configuration": [],
            "email_configuration": [
              {
                "email_sending_account": "COGNITO_DEFAULT",
                "from_email_address": "",
                "reply_to_email_address": "",
                "source_arn": ""
              }
            ],
            "email_verification_message": null,
            "email_verification_subject": null,
            "endpoint": "cognito-idp.us-east-1.amazonaws.com/us-east-1_8BZM62BgU",
            "id": "us-east-1_8BZM62BgU",
            "lambda_config": [],
            "last_modified_date": "2020-10-03T03:51:08Z",
            "mfa_configuration": "OFF",
            "name": "fishtech",
            "password_policy": [
              {
                "minimum_length": 8,
                "require_lowercase": true,
                "require_numbers": true,
                "require_symbols": true,
                "require_uppercase": true,
                "temporary_password_validity_days": 7
              }
            ],
            "schema": [
              {
                "attribute_data_type": "String",
                "developer_only_attribute": false,
                "mutable": true,
                "name": "email",
                "number_attribute_constraints": [],
                "required": true,
                "string_attribute_constraints": [
                  {
                    "max_length": "256",
                    "min_length": "1"
                  }
                ]
              }
            ],
            "sms_authentication_message": null,
            "sms_configuration": [],
            "sms_verification_message": null,
            "software_token_mfa_configuration": [],
            "tags": {},
            "user_pool_add_ons": [],
            "username_attributes": null,
            "username_configuration": [],
            "verification_message_template": [
              {
                "default_email_option": "CONFIRM_WITH_CODE",
                "email_message": "",
                "email_message_by_link": "",
                "email_subject": "",
                "email_subject_by_link": "",
                "sms_message": ""
              }
            ]
          },
          "private": "bnVsbA=="
        }
      ]
    },
    {
      "module": "module.es_cluster",
      "mode": "managed",
      "type": "aws_cognito_user_pool_domain",
      "name": "this",
      "provider": "module.es_cluster.provider[\"registry.terraform.io/hashicorp/aws\"]",
      "instances": [
        {
          "index_key": 0,
          "schema_version": 0,
          "attributes": {
            "aws_account_id": "116722176476",
            "certificate_arn": "",
            "cloudfront_distribution_arn": "d3oia8etllorh5.cloudfront.net",
            "domain": "fishtech",
            "id": "fishtech",
            "s3_bucket": "aws-cognito-prod-iad-assets",
            "user_pool_id": "us-east-1_8BZM62BgU",
            "version": "20201003035109"
          },
          "private": "bnVsbA==",
          "dependencies": [
            "module.es_cluster.aws_cognito_user_pool.kibana_user_pool"
          ]
        }
      ]
    },
    {
      "module": "module.es_cluster",
      "mode": "managed",
      "type": "aws_iam_policy",
      "name": "cognito_auth_policy",
      "provider": "module.es_cluster.provider[\"registry.terraform.io/hashicorp/aws\"]",
      "instances": [
        {
          "index_key": 0,
          "schema_version": 0,
          "attributes": {
            "arn": "arn:aws:iam::116722176476:policy/fishtech",
            "description": "Authorizaation policy for kibana cognito identity pool",
            "id": "arn:aws:iam::116722176476:policy/fishtech",
            "name": "fishtech",
            "name_prefix": null,
            "path": "/",
            "policy": "{\n  \"Version\": \"2012-10-17\",\n  \"Statement\": [\n    {\n      \"Sid\": \"\",\n      \"Effect\": \"Allow\",\n      \"Action\": [\n        \"mobileanalytics:PutEvents\",\n        \"es:ESHttp*\",\n        \"cognito-sync:*\",\n        \"cognito-identity:*\"\n      ],\n      \"Resource\": \"arn:aws:es:us-east-1:116722176476:domain/prod/*\"\n    }\n  ]\n}"
          },
          "private": "bnVsbA==",
          "dependencies": [
            "module.es_cluster.data.aws_iam_policy_document.cognito_auth_policy_doc"
          ]
        }
      ]
    },
    {
      "module": "module.es_cluster",
      "mode": "managed",
      "type": "aws_iam_role",
      "name": "cognito_auth_role",
      "provider": "module.es_cluster.provider[\"registry.terraform.io/hashicorp/aws\"]",
      "instances": [
        {
          "index_key": 0,
          "schema_version": 0,
          "attributes": {
            "arn": "arn:aws:iam::116722176476:role/fishtech-cognito",
            "assume_role_policy": "{\"Version\":\"2012-10-17\",\"Statement\":[{\"Sid\":\"\",\"Effect\":\"Allow\",\"Principal\":{\"Federated\":\"cognito-identity.amazonaws.com\"},\"Action\":\"sts:AssumeRoleWithWebIdentity\",\"Condition\":{\"StringEquals\":{\"cognito-identity.amazonaws.com:aud\":\"us-east-1:2df02a3a-47e9-48c0-b531-31872d99cc45\"},\"ForAnyValue:StringLike\":{\"cognito-identity.amazonaws.com:amr\":\"authenticated\"}}}]}",
            "create_date": "2020-10-03T03:51:08Z",
            "description": "",
            "force_detach_policies": false,
            "id": "fishtech-cognito",
            "max_session_duration": 3600,
            "name": "fishtech-cognito",
            "name_prefix": null,
            "path": "/",
            "permissions_boundary": null,
            "tags": {},
            "unique_id": "AROARWLJPCHOJOTVH5GBZ"
          },
          "private": "bnVsbA==",
          "dependencies": [
            "module.es_cluster.aws_cognito_identity_pool.kibana_identity_pool",
            "module.es_cluster.data.aws_iam_policy_document.cognito_auth_trust_relationship_policy_doc"
          ]
        }
      ]
    },
    {
      "module": "module.es_cluster",
      "mode": "managed",
      "type": "aws_iam_role",
      "name": "kibana_cognito_role",
      "provider": "module.es_cluster.provider[\"registry.terraform.io/hashicorp/aws\"]",
      "instances": [
        {
          "index_key": 0,
          "schema_version": 0,
          "attributes": {
            "arn": "arn:aws:iam::116722176476:role/fishtech-kibana",
            "assume_role_policy": "{\"Version\":\"2012-10-17\",\"Statement\":[{\"Sid\":\"\",\"Effect\":\"Allow\",\"Principal\":{\"Service\":\"es.amazonaws.com\"},\"Action\":\"sts:AssumeRole\"}]}",
            "create_date": "2020-10-03T03:51:07Z",
            "description": "",
            "force_detach_policies": false,
            "id": "fishtech-kibana",
            "max_session_duration": 3600,
            "name": "fishtech-kibana",
            "name_prefix": null,
            "path": "/",
            "permissions_boundary": null,
            "tags": {},
            "unique_id": "AROARWLJPCHOLSXWK3QH4"
          },
          "private": "bnVsbA==",
          "dependencies": [
            "module.es_cluster.data.aws_iam_policy_document.elasticsearch_cognito_trust_policy_doc"
          ]
        }
      ]
    },
    {
      "module": "module.es_cluster",
      "mode": "managed",
      "type": "aws_iam_role_policy_attachment",
      "name": "cognito_auth_role_policy",
      "provider": "module.es_cluster.provider[\"registry.terraform.io/hashicorp/aws\"]",
      "instances": [
        {
          "index_key": 0,
          "schema_version": 0,
          "attributes": {
            "id": "fishtech-cognito-20201003035108930700000002",
            "policy_arn": "arn:aws:iam::116722176476:policy/fishtech",
            "role": "fishtech-cognito"
          },
          "private": "bnVsbA==",
          "dependencies": [
            "module.es_cluster.aws_cognito_identity_pool.kibana_identity_pool",
            "module.es_cluster.aws_iam_policy.cognito_auth_policy",
            "module.es_cluster.aws_iam_role.cognito_auth_role",
            "module.es_cluster.data.aws_iam_policy_document.cognito_auth_policy_doc",
            "module.es_cluster.data.aws_iam_policy_document.cognito_auth_trust_relationship_policy_doc"
          ]
        }
      ]
    },
    {
      "module": "module.es_cluster",
      "mode": "managed",
      "type": "aws_iam_role_policy_attachment",
      "name": "kibana_cognito_role_policy",
      "provider": "module.es_cluster.provider[\"registry.terraform.io/hashicorp/aws\"]",
      "instances": [
        {
          "index_key": 0,
          "schema_version": 0,
          "attributes": {
            "id": "fishtech-kibana-20201003035108278300000001",
            "policy_arn": "arn:aws:iam::aws:policy/AmazonESCognitoAccess",
            "role": "fishtech-kibana"
          },
          "private": "bnVsbA==",
          "dependencies": [
            "module.es_cluster.aws_iam_role.kibana_cognito_role",
            "module.es_cluster.data.aws_iam_policy.kibana_cognito_policy",
            "module.es_cluster.data.aws_iam_policy_document.elasticsearch_cognito_trust_policy_doc"
          ]
        }
      ]
    },
    {
      "module": "module.es_cluster",
      "mode": "managed",
      "type": "aws_iam_service_linked_role",
      "name": "es",
      "provider": "module.es_cluster.provider[\"registry.terraform.io/hashicorp/aws\"]",
      "instances": [
        {
          "schema_version": 0,
          "attributes": {
            "arn": "arn:aws:iam::116722176476:role/aws-service-role/es.amazonaws.com/AWSServiceRoleForAmazonElasticsearchService",
            "aws_service_name": "es.amazonaws.com",
            "create_date": "2020-10-03T03:55:09Z",
            "custom_suffix": "",
            "description": "",
            "id": "arn:aws:iam::116722176476:role/aws-service-role/es.amazonaws.com/AWSServiceRoleForAmazonElasticsearchService",
            "name": "AWSServiceRoleForAmazonElasticsearchService",
            "path": "/aws-service-role/es.amazonaws.com/",
            "unique_id": "AROARWLJPCHOIY274H34F"
          },
          "private": "bnVsbA=="
        }
      ]
    },
    {
      "module": "module.es_cluster",
      "mode": "managed",
      "type": "aws_security_group",
      "name": "elasticsearch",
      "provider": "module.es_cluster.provider[\"registry.terraform.io/hashicorp/aws\"]",
      "instances": [
        {
          "schema_version": 1,
          "attributes": {
            "arn": "arn:aws:ec2:us-east-1:116722176476:security-group/sg-0c4fa0da3b05ed69a",
            "description": "Allow TLS inbound traffic",
            "egress": [
              {
                "cidr_blocks": [
                  "0.0.0.0/0"
                ],
                "description": "",
                "from_port": 0,
                "ipv6_cidr_blocks": [],
                "prefix_list_ids": [],
                "protocol": "-1",
                "security_groups": [],
                "self": false,
                "to_port": 0
              }
            ],
            "id": "sg-0c4fa0da3b05ed69a",
            "ingress": [
              {
                "cidr_blocks": [
                  "10.0.0.0/16"
                ],
                "description": "TLS from VPC",
                "from_port": 443,
                "ipv6_cidr_blocks": [],
                "prefix_list_ids": [],
                "protocol": "tcp",
                "security_groups": [],
                "self": false,
                "to_port": 443
              }
            ],
            "name": "allow_tls",
            "name_prefix": "",
            "owner_id": "116722176476",
            "revoke_rules_on_delete": false,
            "tags": {
              "app": "fishtech",
              "env": "prod"
            },
            "timeouts": null,
            "vpc_id": "vpc-02424e206415b8182"
          },
          "private": "eyJlMmJmYjczMC1lY2FhLTExZTYtOGY4OC0zNDM2M2JjN2M0YzAiOnsiY3JlYXRlIjo2MDAwMDAwMDAwMDAsImRlbGV0ZSI6NjAwMDAwMDAwMDAwfSwic2NoZW1hX3ZlcnNpb24iOiIxIn0=",
          "dependencies": [
            "module.prod_network.module.vpc.aws_vpc.this"
          ]
        }
      ]
    },
    {
      "module": "module.prod_network",
      "mode": "data",
      "type": "aws_availability_zones",
      "name": "all",
      "provider": "module.prod_network.provider[\"registry.terraform.io/hashicorp/aws\"]",
      "instances": [
        {
          "schema_version": 0,
          "attributes": {
            "all_availability_zones": null,
            "exclude_names": null,
            "exclude_zone_ids": null,
            "filter": null,
            "group_names": [
              "us-east-1"
            ],
            "id": "2020-10-03 03:55:01.273454 +0000 UTC",
            "names": [
              "us-east-1a",
              "us-east-1b",
              "us-east-1c",
              "us-east-1d",
              "us-east-1e",
              "us-east-1f"
            ],
            "state": null,
            "zone_ids": [
              "use1-az6",
              "use1-az1",
              "use1-az2",
              "use1-az4",
              "use1-az3",
              "use1-az5"
            ]
          }
        }
      ]
    },
    {
      "module": "module.prod_network.module.vpc",
      "mode": "managed",
      "type": "aws_internet_gateway",
      "name": "this",
      "provider": "module.prod_network.provider[\"registry.terraform.io/hashicorp/aws\"]",
      "instances": [
        {
          "index_key": 0,
          "schema_version": 0,
          "attributes": {
            "arn": "arn:aws:ec2:us-east-1:116722176476:internet-gateway/igw-03dd88b7100273699",
            "id": "igw-03dd88b7100273699",
            "owner_id": "116722176476",
            "tags": {
              "Name": "fishtech"
            },
            "vpc_id": "vpc-02424e206415b8182"
          },
          "private": "bnVsbA==",
          "dependencies": [
            "module.prod_network.module.vpc.aws_vpc.this",
            "module.prod_network.module.vpc.aws_vpc_ipv4_cidr_block_association.this"
          ]
        }
      ]
    },
    {
      "module": "module.prod_network.module.vpc",
      "mode": "managed",
      "type": "aws_route",
      "name": "public_internet_gateway",
      "provider": "module.prod_network.provider[\"registry.terraform.io/hashicorp/aws\"]",
      "instances": [
        {
          "index_key": 0,
          "schema_version": 0,
          "attributes": {
            "destination_cidr_block": "0.0.0.0/0",
            "destination_ipv6_cidr_block": "",
            "destination_prefix_list_id": "",
            "egress_only_gateway_id": "",
            "gateway_id": "igw-03dd88b7100273699",
            "id": "r-rtb-06ca6f8a5faaf7b4b1080289494",
            "instance_id": "",
            "instance_owner_id": "",
            "local_gateway_id": "",
            "nat_gateway_id": "",
            "network_interface_id": "",
            "origin": "CreateRoute",
            "route_table_id": "rtb-06ca6f8a5faaf7b4b",
            "state": "active",
            "timeouts": {
              "create": "5m",
              "delete": null
            },
            "transit_gateway_id": "",
            "vpc_peering_connection_id": ""
          },
          "private": "eyJlMmJmYjczMC1lY2FhLTExZTYtOGY4OC0zNDM2M2JjN2M0YzAiOnsiY3JlYXRlIjozMDAwMDAwMDAwMDAsImRlbGV0ZSI6MzAwMDAwMDAwMDAwfX0=",
          "dependencies": [
            "module.prod_network.module.vpc.aws_internet_gateway.this",
            "module.prod_network.module.vpc.aws_route_table.public",
            "module.prod_network.module.vpc.aws_vpc.this",
            "module.prod_network.module.vpc.aws_vpc_ipv4_cidr_block_association.this"
          ]
        }
      ]
    },
    {
      "module": "module.prod_network.module.vpc",
      "mode": "managed",
      "type": "aws_route_table",
      "name": "private",
      "provider": "module.prod_network.provider[\"registry.terraform.io/hashicorp/aws\"]",
      "instances": [
        {
          "index_key": 0,
          "schema_version": 0,
          "attributes": {
            "id": "rtb-00227f260f3153b88",
            "owner_id": "116722176476",
            "propagating_vgws": [],
            "route": [],
            "tags": {
              "Name": "fishtech-private-us-east-1a"
            },
            "vpc_id": "vpc-02424e206415b8182"
          },
          "private": "bnVsbA==",
          "dependencies": [
            "module.prod_network.data.aws_availability_zones.all",
            "module.prod_network.module.vpc.aws_vpc.this",
            "module.prod_network.module.vpc.aws_vpc_ipv4_cidr_block_association.this"
          ]
        },
        {
          "index_key": 1,
          "schema_version": 0,
          "attributes": {
            "id": "rtb-02a5bf3c71e59eb85",
            "owner_id": "116722176476",
            "propagating_vgws": [],
            "route": [],
            "tags": {
              "Name": "fishtech-private-us-east-1b"
            },
            "vpc_id": "vpc-02424e206415b8182"
          },
          "private": "bnVsbA==",
          "dependencies": [
            "module.prod_network.data.aws_availability_zones.all",
            "module.prod_network.module.vpc.aws_vpc.this",
            "module.prod_network.module.vpc.aws_vpc_ipv4_cidr_block_association.this"
          ]
        }
      ]
    },
    {
      "module": "module.prod_network.module.vpc",
      "mode": "managed",
      "type": "aws_route_table",
      "name": "public",
      "provider": "module.prod_network.provider[\"registry.terraform.io/hashicorp/aws\"]",
      "instances": [
        {
          "index_key": 0,
          "schema_version": 0,
          "attributes": {
            "id": "rtb-06ca6f8a5faaf7b4b",
            "owner_id": "116722176476",
            "propagating_vgws": [],
            "route": [
              {
                "cidr_block": "0.0.0.0/0",
                "egress_only_gateway_id": "",
                "gateway_id": "igw-03dd88b7100273699",
                "instance_id": "",
                "ipv6_cidr_block": "",
                "local_gateway_id": "",
                "nat_gateway_id": "",
                "network_interface_id": "",
                "transit_gateway_id": "",
                "vpc_peering_connection_id": ""
              }
            ],
            "tags": {
              "Name": "fishtech-public"
            },
            "vpc_id": "vpc-02424e206415b8182"
          },
          "private": "bnVsbA==",
          "dependencies": [
            "module.prod_network.module.vpc.aws_vpc.this",
            "module.prod_network.module.vpc.aws_vpc_ipv4_cidr_block_association.this"
          ]
        }
      ]
    },
    {
      "module": "module.prod_network.module.vpc",
      "mode": "managed",
      "type": "aws_route_table_association",
      "name": "private",
      "provider": "module.prod_network.provider[\"registry.terraform.io/hashicorp/aws\"]",
      "instances": [
        {
          "index_key": 0,
          "schema_version": 0,
          "attributes": {
            "gateway_id": null,
            "id": "rtbassoc-0b4ed6d0428b652bf",
            "route_table_id": "rtb-00227f260f3153b88",
            "subnet_id": "subnet-0f9bc8dc491f5128b"
          },
          "private": "bnVsbA==",
          "dependencies": [
            "module.prod_network.data.aws_availability_zones.all",
            "module.prod_network.module.vpc.aws_route_table.private",
            "module.prod_network.module.vpc.aws_subnet.private",
            "module.prod_network.module.vpc.aws_vpc.this",
            "module.prod_network.module.vpc.aws_vpc_ipv4_cidr_block_association.this"
          ]
        },
        {
          "index_key": 1,
          "schema_version": 0,
          "attributes": {
            "gateway_id": null,
            "id": "rtbassoc-0299dd0b902b82ee9",
            "route_table_id": "rtb-02a5bf3c71e59eb85",
            "subnet_id": "subnet-0f8bf2716df1f1b3d"
          },
          "private": "bnVsbA==",
          "dependencies": [
            "module.prod_network.data.aws_availability_zones.all",
            "module.prod_network.module.vpc.aws_route_table.private",
            "module.prod_network.module.vpc.aws_subnet.private",
            "module.prod_network.module.vpc.aws_vpc.this",
            "module.prod_network.module.vpc.aws_vpc_ipv4_cidr_block_association.this"
          ]
        }
      ]
    },
    {
      "module": "module.prod_network.module.vpc",
      "mode": "managed",
      "type": "aws_route_table_association",
      "name": "public",
      "provider": "module.prod_network.provider[\"registry.terraform.io/hashicorp/aws\"]",
      "instances": [
        {
          "index_key": 0,
          "schema_version": 0,
          "attributes": {
            "gateway_id": null,
            "id": "rtbassoc-0a52fbcdb2e40b8d8",
            "route_table_id": "rtb-06ca6f8a5faaf7b4b",
            "subnet_id": "subnet-073d85525e98557a4"
          },
          "private": "bnVsbA==",
          "dependencies": [
            "module.prod_network.data.aws_availability_zones.all",
            "module.prod_network.module.vpc.aws_route_table.public",
            "module.prod_network.module.vpc.aws_subnet.public",
            "module.prod_network.module.vpc.aws_vpc.this",
            "module.prod_network.module.vpc.aws_vpc_ipv4_cidr_block_association.this"
          ]
        },
        {
          "index_key": 1,
          "schema_version": 0,
          "attributes": {
            "gateway_id": null,
            "id": "rtbassoc-0b776e586de7b6ea8",
            "route_table_id": "rtb-06ca6f8a5faaf7b4b",
            "subnet_id": "subnet-0a7f97dbe05b678f2"
          },
          "private": "bnVsbA==",
          "dependencies": [
            "module.prod_network.data.aws_availability_zones.all",
            "module.prod_network.module.vpc.aws_route_table.public",
            "module.prod_network.module.vpc.aws_subnet.public",
            "module.prod_network.module.vpc.aws_vpc.this",
            "module.prod_network.module.vpc.aws_vpc_ipv4_cidr_block_association.this"
          ]
        }
      ]
    },
    {
      "module": "module.prod_network.module.vpc",
      "mode": "managed",
      "type": "aws_subnet",
      "name": "private",
      "provider": "module.prod_network.provider[\"registry.terraform.io/hashicorp/aws\"]",
      "instances": [
        {
          "index_key": 0,
          "schema_version": 1,
          "attributes": {
            "arn": "arn:aws:ec2:us-east-1:116722176476:subnet/subnet-0f9bc8dc491f5128b",
            "assign_ipv6_address_on_creation": false,
            "availability_zone": "us-east-1a",
            "availability_zone_id": "use1-az6",
            "cidr_block": "10.0.1.0/24",
            "id": "subnet-0f9bc8dc491f5128b",
            "ipv6_cidr_block": "",
            "ipv6_cidr_block_association_id": "",
            "map_public_ip_on_launch": false,
            "outpost_arn": "",
            "owner_id": "116722176476",
            "tags": {
              "Name": "fishtech-private-us-east-1a"
            },
            "timeouts": null,
            "vpc_id": "vpc-02424e206415b8182"
          },
          "private": "eyJlMmJmYjczMC1lY2FhLTExZTYtOGY4OC0zNDM2M2JjN2M0YzAiOnsiY3JlYXRlIjo2MDAwMDAwMDAwMDAsImRlbGV0ZSI6MTIwMDAwMDAwMDAwMH0sInNjaGVtYV92ZXJzaW9uIjoiMSJ9",
          "dependencies": [
            "module.prod_network.data.aws_availability_zones.all",
            "module.prod_network.module.vpc.aws_vpc.this",
            "module.prod_network.module.vpc.aws_vpc_ipv4_cidr_block_association.this"
          ]
        },
        {
          "index_key": 1,
          "schema_version": 1,
          "attributes": {
            "arn": "arn:aws:ec2:us-east-1:116722176476:subnet/subnet-0f8bf2716df1f1b3d",
            "assign_ipv6_address_on_creation": false,
            "availability_zone": "us-east-1b",
            "availability_zone_id": "use1-az1",
            "cidr_block": "10.0.2.0/24",
            "id": "subnet-0f8bf2716df1f1b3d",
            "ipv6_cidr_block": "",
            "ipv6_cidr_block_association_id": "",
            "map_public_ip_on_launch": false,
            "outpost_arn": "",
            "owner_id": "116722176476",
            "tags": {
              "Name": "fishtech-private-us-east-1b"
            },
            "timeouts": null,
            "vpc_id": "vpc-02424e206415b8182"
          },
          "private": "eyJlMmJmYjczMC1lY2FhLTExZTYtOGY4OC0zNDM2M2JjN2M0YzAiOnsiY3JlYXRlIjo2MDAwMDAwMDAwMDAsImRlbGV0ZSI6MTIwMDAwMDAwMDAwMH0sInNjaGVtYV92ZXJzaW9uIjoiMSJ9",
          "dependencies": [
            "module.prod_network.data.aws_availability_zones.all",
            "module.prod_network.module.vpc.aws_vpc.this",
            "module.prod_network.module.vpc.aws_vpc_ipv4_cidr_block_association.this"
          ]
        }
      ]
    },
    {
      "module": "module.prod_network.module.vpc",
      "mode": "managed",
      "type": "aws_subnet",
      "name": "public",
      "provider": "module.prod_network.provider[\"registry.terraform.io/hashicorp/aws\"]",
      "instances": [
        {
          "index_key": 0,
          "schema_version": 1,
          "attributes": {
            "arn": "arn:aws:ec2:us-east-1:116722176476:subnet/subnet-073d85525e98557a4",
            "assign_ipv6_address_on_creation": false,
            "availability_zone": "us-east-1a",
            "availability_zone_id": "use1-az6",
            "cidr_block": "10.0.101.0/24",
            "id": "subnet-073d85525e98557a4",
            "ipv6_cidr_block": "",
            "ipv6_cidr_block_association_id": "",
            "map_public_ip_on_launch": true,
            "outpost_arn": "",
            "owner_id": "116722176476",
            "tags": {
              "Name": "fishtech-public-us-east-1a"
            },
            "timeouts": null,
            "vpc_id": "vpc-02424e206415b8182"
          },
          "private": "eyJlMmJmYjczMC1lY2FhLTExZTYtOGY4OC0zNDM2M2JjN2M0YzAiOnsiY3JlYXRlIjo2MDAwMDAwMDAwMDAsImRlbGV0ZSI6MTIwMDAwMDAwMDAwMH0sInNjaGVtYV92ZXJzaW9uIjoiMSJ9",
          "dependencies": [
            "module.prod_network.data.aws_availability_zones.all",
            "module.prod_network.module.vpc.aws_vpc.this",
            "module.prod_network.module.vpc.aws_vpc_ipv4_cidr_block_association.this"
          ]
        },
        {
          "index_key": 1,
          "schema_version": 1,
          "attributes": {
            "arn": "arn:aws:ec2:us-east-1:116722176476:subnet/subnet-0a7f97dbe05b678f2",
            "assign_ipv6_address_on_creation": false,
            "availability_zone": "us-east-1b",
            "availability_zone_id": "use1-az1",
            "cidr_block": "10.0.102.0/24",
            "id": "subnet-0a7f97dbe05b678f2",
            "ipv6_cidr_block": "",
            "ipv6_cidr_block_association_id": "",
            "map_public_ip_on_launch": true,
            "outpost_arn": "",
            "owner_id": "116722176476",
            "tags": {
              "Name": "fishtech-public-us-east-1b"
            },
            "timeouts": null,
            "vpc_id": "vpc-02424e206415b8182"
          },
          "private": "eyJlMmJmYjczMC1lY2FhLTExZTYtOGY4OC0zNDM2M2JjN2M0YzAiOnsiY3JlYXRlIjo2MDAwMDAwMDAwMDAsImRlbGV0ZSI6MTIwMDAwMDAwMDAwMH0sInNjaGVtYV92ZXJzaW9uIjoiMSJ9",
          "dependencies": [
            "module.prod_network.data.aws_availability_zones.all",
            "module.prod_network.module.vpc.aws_vpc.this",
            "module.prod_network.module.vpc.aws_vpc_ipv4_cidr_block_association.this"
          ]
        }
      ]
    },
    {
      "module": "module.prod_network.module.vpc",
      "mode": "managed",
      "type": "aws_vpc",
      "name": "this",
      "provider": "module.prod_network.provider[\"registry.terraform.io/hashicorp/aws\"]",
      "instances": [
        {
          "index_key": 0,
          "schema_version": 1,
          "attributes": {
            "arn": "arn:aws:ec2:us-east-1:116722176476:vpc/vpc-02424e206415b8182",
            "assign_generated_ipv6_cidr_block": false,
            "cidr_block": "10.0.0.0/16",
            "default_network_acl_id": "acl-07ef24bf2631c2cb5",
            "default_route_table_id": "rtb-0dfa8df7add367f84",
            "default_security_group_id": "sg-07cecd967522ab5fa",
            "dhcp_options_id": "dopt-851474ff",
            "enable_classiclink": false,
            "enable_classiclink_dns_support": false,
            "enable_dns_hostnames": false,
            "enable_dns_support": true,
            "id": "vpc-02424e206415b8182",
            "instance_tenancy": "default",
            "ipv6_association_id": "",
            "ipv6_cidr_block": "",
            "main_route_table_id": "rtb-0dfa8df7add367f84",
            "owner_id": "116722176476",
            "tags": {
              "Name": "fishtech",
              "app": "fishtech",
              "env": "prod"
            }
          },
          "private": "eyJzY2hlbWFfdmVyc2lvbiI6IjEifQ=="
        }
      ]
    }
  ]
}
